// !$*UTF8*$!
{
	archiveVersion = 1;
	classes = {
	};
	objectVersion = 46;
	objects = {

/* Begin PBXBuildFile section */
		2E7EA07619508B9B00837BBE /* GameLogicController.swift in Sources */ = {isa = PBXBuildFile; fileRef = 2E7EA07519508B9B00837BBE /* GameLogicController.swift */; };
		2EB861A4194AB5A40016D660 /* Structures.swift in Sources */ = {isa = PBXBuildFile; fileRef = 2EB861A3194AB5A40016D660 /* Structures.swift */; };
		2EB861A5194AB5A40016D660 /* Structures.swift in Sources */ = {isa = PBXBuildFile; fileRef = 2EB861A3194AB5A40016D660 /* Structures.swift */; };
		2EB861AA194EAC560016D660 /* BlockType1.swift in Sources */ = {isa = PBXBuildFile; fileRef = 2EB861A9194EAC560016D660 /* BlockType1.swift */; };
		2EB861AC194EAD1C0016D660 /* BlockType2.swift in Sources */ = {isa = PBXBuildFile; fileRef = 2EB861AB194EAD1C0016D660 /* BlockType2.swift */; };
		2EB861AE194EADBB0016D660 /* BlockType3.swift in Sources */ = {isa = PBXBuildFile; fileRef = 2EB861AD194EADBB0016D660 /* BlockType3.swift */; };
		2EB861B0194EAE7B0016D660 /* BlockType4.swift in Sources */ = {isa = PBXBuildFile; fileRef = 2EB861AF194EAE7B0016D660 /* BlockType4.swift */; };
		2EB861B2194F1C5A0016D660 /* BlockType5.swift in Sources */ = {isa = PBXBuildFile; fileRef = 2EB861B1194F1C5A0016D660 /* BlockType5.swift */; };
		2EB861B4194F1D0C0016D660 /* BlockType6.swift in Sources */ = {isa = PBXBuildFile; fileRef = 2EB861B3194F1D0C0016D660 /* BlockType6.swift */; };
		2EB861B6194F1DB70016D660 /* BlockType7.swift in Sources */ = {isa = PBXBuildFile; fileRef = 2EB861B5194F1DB70016D660 /* BlockType7.swift */; };
		2EF46ED71949CA4D000D3206 /* main.swift in Sources */ = {isa = PBXBuildFile; fileRef = 2EF46ED61949CA4D000D3206 /* main.swift */; };
		2EF46ED91949CA4D000D3206 /* AppDelegate.swift in Sources */ = {isa = PBXBuildFile; fileRef = 2EF46ED81949CA4D000D3206 /* AppDelegate.swift */; };
		2EF46EDB1949CA4D000D3206 /* Images.xcassets in Resources */ = {isa = PBXBuildFile; fileRef = 2EF46EDA1949CA4D000D3206 /* Images.xcassets */; };
		2EF46EDE1949CA4D000D3206 /* MainMenu.xib in Resources */ = {isa = PBXBuildFile; fileRef = 2EF46EDC1949CA4D000D3206 /* MainMenu.xib */; };
		2EF46EEA1949CA4D000D3206 /* SwiftrisTests.swift in Sources */ = {isa = PBXBuildFile; fileRef = 2EF46EE91949CA4D000D3206 /* SwiftrisTests.swift */; };
		2EF46EF61949CB49000D3206 /* GameViewController.swift in Sources */ = {isa = PBXBuildFile; fileRef = 2EF46EF51949CB49000D3206 /* GameViewController.swift */; };
		2EF46EF81949CBB2000D3206 /* GameView.swift in Sources */ = {isa = PBXBuildFile; fileRef = 2EF46EF71949CBB2000D3206 /* GameView.swift */; };
		2EF46EFA1949D228000D3206 /* GridBoardView.swift in Sources */ = {isa = PBXBuildFile; fileRef = 2EF46EF91949D228000D3206 /* GridBoardView.swift */; };
		2EF46EFE1949D4E2000D3206 /* MainViewController.swift in Sources */ = {isa = PBXBuildFile; fileRef = 2EF46EFC1949D4E2000D3206 /* MainViewController.swift */; };
		2EF46EFF1949D4E2000D3206 /* MainViewController.xib in Resources */ = {isa = PBXBuildFile; fileRef = 2EF46EFD1949D4E2000D3206 /* MainViewController.xib */; };
		2EF46F011949DB5D000D3206 /* MainView.swift in Sources */ = {isa = PBXBuildFile; fileRef = 2EF46F001949DB5D000D3206 /* MainView.swift */; };
		2EF46F041949DEC2000D3206 /* Block.swift in Sources */ = {isa = PBXBuildFile; fileRef = 2EF46F031949DEC2000D3206 /* Block.swift */; };
		2EF46F051949DEC2000D3206 /* Block.swift in Sources */ = {isa = PBXBuildFile; fileRef = 2EF46F031949DEC2000D3206 /* Block.swift */; };
/* End PBXBuildFile section */

/* Begin PBXContainerItemProxy section */
		2EF46EE41949CA4D000D3206 /* PBXContainerItemProxy */ = {
			isa = PBXContainerItemProxy;
			containerPortal = 2EF46EC91949CA4D000D3206 /* Project object */;
			proxyType = 1;
			remoteGlobalIDString = 2EF46ED01949CA4D000D3206;
			remoteInfo = Swiftris;
		};
/* End PBXContainerItemProxy section */

/* Begin PBXFileReference section */
		2E7EA07519508B9B00837BBE /* GameLogicController.swift */ = {isa = PBXFileReference; fileEncoding = 4; lastKnownFileType = sourcecode.swift; path = GameLogicController.swift; sourceTree = "<group>"; };
		2EB861A3194AB5A40016D660 /* Structures.swift */ = {isa = PBXFileReference; fileEncoding = 4; lastKnownFileType = sourcecode.swift; path = Structures.swift; sourceTree = "<group>"; };
		2EB861A9194EAC560016D660 /* BlockType1.swift */ = {isa = PBXFileReference; fileEncoding = 4; lastKnownFileType = sourcecode.swift; path = BlockType1.swift; sourceTree = "<group>"; };
		2EB861AB194EAD1C0016D660 /* BlockType2.swift */ = {isa = PBXFileReference; fileEncoding = 4; lastKnownFileType = sourcecode.swift; path = BlockType2.swift; sourceTree = "<group>"; };
		2EB861AD194EADBB0016D660 /* BlockType3.swift */ = {isa = PBXFileReference; fileEncoding = 4; lastKnownFileType = sourcecode.swift; path = BlockType3.swift; sourceTree = "<group>"; };
		2EB861AF194EAE7B0016D660 /* BlockType4.swift */ = {isa = PBXFileReference; fileEncoding = 4; lastKnownFileType = sourcecode.swift; path = BlockType4.swift; sourceTree = "<group>"; };
		2EB861B1194F1C5A0016D660 /* BlockType5.swift */ = {isa = PBXFileReference; fileEncoding = 4; lastKnownFileType = sourcecode.swift; path = BlockType5.swift; sourceTree = "<group>"; };
		2EB861B3194F1D0C0016D660 /* BlockType6.swift */ = {isa = PBXFileReference; fileEncoding = 4; lastKnownFileType = sourcecode.swift; path = BlockType6.swift; sourceTree = "<group>"; };
		2EB861B5194F1DB70016D660 /* BlockType7.swift */ = {isa = PBXFileReference; fileEncoding = 4; lastKnownFileType = sourcecode.swift; path = BlockType7.swift; sourceTree = "<group>"; };
		2EF46ED11949CA4D000D3206 /* Swiftris.app */ = {isa = PBXFileReference; explicitFileType = wrapper.application; includeInIndex = 0; path = Swiftris.app; sourceTree = BUILT_PRODUCTS_DIR; };
		2EF46ED51949CA4D000D3206 /* Info.plist */ = {isa = PBXFileReference; lastKnownFileType = text.plist.xml; path = Info.plist; sourceTree = "<group>"; };
		2EF46ED61949CA4D000D3206 /* main.swift */ = {isa = PBXFileReference; lastKnownFileType = sourcecode.swift; path = main.swift; sourceTree = "<group>"; };
		2EF46ED81949CA4D000D3206 /* AppDelegate.swift */ = {isa = PBXFileReference; lastKnownFileType = sourcecode.swift; path = AppDelegate.swift; sourceTree = "<group>"; };
		2EF46EDA1949CA4D000D3206 /* Images.xcassets */ = {isa = PBXFileReference; lastKnownFileType = folder.assetcatalog; path = Images.xcassets; sourceTree = "<group>"; };
		2EF46EDD1949CA4D000D3206 /* Base */ = {isa = PBXFileReference; lastKnownFileType = file.xib; name = Base; path = Base.lproj/MainMenu.xib; sourceTree = "<group>"; };
		2EF46EE31949CA4D000D3206 /* SwiftrisTests.xctest */ = {isa = PBXFileReference; explicitFileType = wrapper.cfbundle; includeInIndex = 0; path = SwiftrisTests.xctest; sourceTree = BUILT_PRODUCTS_DIR; };
		2EF46EE81949CA4D000D3206 /* Info.plist */ = {isa = PBXFileReference; lastKnownFileType = text.plist.xml; path = Info.plist; sourceTree = "<group>"; };
		2EF46EE91949CA4D000D3206 /* SwiftrisTests.swift */ = {isa = PBXFileReference; lastKnownFileType = sourcecode.swift; path = SwiftrisTests.swift; sourceTree = "<group>"; };
		2EF46EF51949CB49000D3206 /* GameViewController.swift */ = {isa = PBXFileReference; fileEncoding = 4; lastKnownFileType = sourcecode.swift; path = GameViewController.swift; sourceTree = "<group>"; };
		2EF46EF71949CBB2000D3206 /* GameView.swift */ = {isa = PBXFileReference; fileEncoding = 4; lastKnownFileType = sourcecode.swift; path = GameView.swift; sourceTree = "<group>"; };
		2EF46EF91949D228000D3206 /* GridBoardView.swift */ = {isa = PBXFileReference; fileEncoding = 4; lastKnownFileType = sourcecode.swift; path = GridBoardView.swift; sourceTree = "<group>"; };
		2EF46EFC1949D4E2000D3206 /* MainViewController.swift */ = {isa = PBXFileReference; fileEncoding = 4; lastKnownFileType = sourcecode.swift; path = MainViewController.swift; sourceTree = "<group>"; };
		2EF46EFD1949D4E2000D3206 /* MainViewController.xib */ = {isa = PBXFileReference; fileEncoding = 4; lastKnownFileType = file.xib; path = MainViewController.xib; sourceTree = "<group>"; };
		2EF46F001949DB5D000D3206 /* MainView.swift */ = {isa = PBXFileReference; fileEncoding = 4; lastKnownFileType = sourcecode.swift; path = MainView.swift; sourceTree = "<group>"; };
		2EF46F031949DEC2000D3206 /* Block.swift */ = {isa = PBXFileReference; fileEncoding = 4; lastKnownFileType = sourcecode.swift; path = Block.swift; sourceTree = "<group>"; };
/* End PBXFileReference section */

/* Begin PBXFrameworksBuildPhase section */
		2EF46ECE1949CA4D000D3206 /* Frameworks */ = {
			isa = PBXFrameworksBuildPhase;
			buildActionMask = 2147483647;
			files = (
			);
			runOnlyForDeploymentPostprocessing = 0;
		};
		2EF46EE01949CA4D000D3206 /* Frameworks */ = {
			isa = PBXFrameworksBuildPhase;
			buildActionMask = 2147483647;
			files = (
			);
			runOnlyForDeploymentPostprocessing = 0;
		};
/* End PBXFrameworksBuildPhase section */

/* Begin PBXGroup section */
		2EF46EC81949CA4D000D3206 = {
			isa = PBXGroup;
			children = (
				2EF46ED31949CA4D000D3206 /* Swiftris */,
				2EF46EE61949CA4D000D3206 /* SwiftrisTests */,
				2EF46ED21949CA4D000D3206 /* Products */,
			);
			sourceTree = "<group>";
		};
		2EF46ED21949CA4D000D3206 /* Products */ = {
			isa = PBXGroup;
			children = (
				2EF46ED11949CA4D000D3206 /* Swiftris.app */,
				2EF46EE31949CA4D000D3206 /* SwiftrisTests.xctest */,
			);
			name = Products;
			sourceTree = "<group>";
		};
		2EF46ED31949CA4D000D3206 /* Swiftris */ = {
			isa = PBXGroup;
			children = (
				2EF46F021949DEA6000D3206 /* Model */,
				2EF46EFB1949D22F000D3206 /* Views */,
				2EF46ED81949CA4D000D3206 /* AppDelegate.swift */,
				2EF46EF51949CB49000D3206 /* GameViewController.swift */,
				2EF46EFC1949D4E2000D3206 /* MainViewController.swift */,
				2E7EA07519508B9B00837BBE /* GameLogicController.swift */,
				2EF46EDA1949CA4D000D3206 /* Images.xcassets */,
				2EF46EDC1949CA4D000D3206 /* MainMenu.xib */,
				2EF46EFD1949D4E2000D3206 /* MainViewController.xib */,
				2EF46ED41949CA4D000D3206 /* Supporting Files */,
			);
			path = Swiftris;
			sourceTree = "<group>";
		};
		2EF46ED41949CA4D000D3206 /* Supporting Files */ = {
			isa = PBXGroup;
			children = (
				2EF46ED51949CA4D000D3206 /* Info.plist */,
				2EF46ED61949CA4D000D3206 /* main.swift */,
			);
			name = "Supporting Files";
			sourceTree = "<group>";
		};
		2EF46EE61949CA4D000D3206 /* SwiftrisTests */ = {
			isa = PBXGroup;
			children = (
				2EF46EE91949CA4D000D3206 /* SwiftrisTests.swift */,
				2EF46EE71949CA4D000D3206 /* Supporting Files */,
			);
			path = SwiftrisTests;
			sourceTree = "<group>";
		};
		2EF46EE71949CA4D000D3206 /* Supporting Files */ = {
			isa = PBXGroup;
			children = (
				2EF46EE81949CA4D000D3206 /* Info.plist */,
			);
			name = "Supporting Files";
			sourceTree = "<group>";
		};
		2EF46EFB1949D22F000D3206 /* Views */ = {
			isa = PBXGroup;
			children = (
				2EF46EF71949CBB2000D3206 /* GameView.swift */,
				2EF46EF91949D228000D3206 /* GridBoardView.swift */,
				2EF46F001949DB5D000D3206 /* MainView.swift */,
			);
			name = Views;
			sourceTree = "<group>";
		};
		2EF46F021949DEA6000D3206 /* Model */ = {
			isa = PBXGroup;
			children = (
				2EB861A3194AB5A40016D660 /* Structures.swift */,
				2EF46F031949DEC2000D3206 /* Block.swift */,
				2EB861A9194EAC560016D660 /* BlockType1.swift */,
				2EB861AB194EAD1C0016D660 /* BlockType2.swift */,
				2EB861AD194EADBB0016D660 /* BlockType3.swift */,
				2EB861AF194EAE7B0016D660 /* BlockType4.swift */,
				2EB861B1194F1C5A0016D660 /* BlockType5.swift */,
				2EB861B3194F1D0C0016D660 /* BlockType6.swift */,
				2EB861B5194F1DB70016D660 /* BlockType7.swift */,
			);
			name = Model;
			sourceTree = "<group>";
		};
/* End PBXGroup section */

/* Begin PBXNativeTarget section */
		2EF46ED01949CA4D000D3206 /* Swiftris */ = {
			isa = PBXNativeTarget;
			buildConfigurationList = 2EF46EED1949CA4D000D3206 /* Build configuration list for PBXNativeTarget "Swiftris" */;
			buildPhases = (
				2EF46ECD1949CA4D000D3206 /* Sources */,
				2EF46ECE1949CA4D000D3206 /* Frameworks */,
				2EF46ECF1949CA4D000D3206 /* Resources */,
			);
			buildRules = (
			);
			dependencies = (
			);
			name = Swiftris;
			productName = Swiftris;
			productReference = 2EF46ED11949CA4D000D3206 /* Swiftris.app */;
			productType = "com.apple.product-type.application";
		};
		2EF46EE21949CA4D000D3206 /* SwiftrisTests */ = {
			isa = PBXNativeTarget;
			buildConfigurationList = 2EF46EF01949CA4D000D3206 /* Build configuration list for PBXNativeTarget "SwiftrisTests" */;
			buildPhases = (
				2EF46EDF1949CA4D000D3206 /* Sources */,
				2EF46EE01949CA4D000D3206 /* Frameworks */,
				2EF46EE11949CA4D000D3206 /* Resources */,
			);
			buildRules = (
			);
			dependencies = (
				2EF46EE51949CA4D000D3206 /* PBXTargetDependency */,
			);
			name = SwiftrisTests;
			productName = SwiftrisTests;
			productReference = 2EF46EE31949CA4D000D3206 /* SwiftrisTests.xctest */;
			productType = "com.apple.product-type.bundle.unit-test";
		};
/* End PBXNativeTarget section */

/* Begin PBXProject section */
		2EF46EC91949CA4D000D3206 /* Project object */ = {
			isa = PBXProject;
			attributes = {
				LastUpgradeCheck = 0600;
				ORGANIZATIONNAME = bearkode;
				TargetAttributes = {
					2EF46ED01949CA4D000D3206 = {
						CreatedOnToolsVersion = 6.0;
					};
					2EF46EE21949CA4D000D3206 = {
						CreatedOnToolsVersion = 6.0;
						TestTargetID = 2EF46ED01949CA4D000D3206;
					};
				};
			};
			buildConfigurationList = 2EF46ECC1949CA4D000D3206 /* Build configuration list for PBXProject "Swiftris" */;
			compatibilityVersion = "Xcode 3.2";
			developmentRegion = English;
			hasScannedForEncodings = 0;
			knownRegions = (
				en,
				Base,
			);
			mainGroup = 2EF46EC81949CA4D000D3206;
			productRefGroup = 2EF46ED21949CA4D000D3206 /* Products */;
			projectDirPath = "";
			projectRoot = "";
			targets = (
				2EF46ED01949CA4D000D3206 /* Swiftris */,
				2EF46EE21949CA4D000D3206 /* SwiftrisTests */,
			);
		};
/* End PBXProject section */

/* Begin PBXResourcesBuildPhase section */
		2EF46ECF1949CA4D000D3206 /* Resources */ = {
			isa = PBXResourcesBuildPhase;
			buildActionMask = 2147483647;
			files = (
				2EF46EDB1949CA4D000D3206 /* Images.xcassets in Resources */,
				2EF46EFF1949D4E2000D3206 /* MainViewController.xib in Resources */,
				2EF46EDE1949CA4D000D3206 /* MainMenu.xib in Resources */,
			);
			runOnlyForDeploymentPostprocessing = 0;
		};
		2EF46EE11949CA4D000D3206 /* Resources */ = {
			isa = PBXResourcesBuildPhase;
			buildActionMask = 2147483647;
			files = (
			);
			runOnlyForDeploymentPostprocessing = 0;
		};
/* End PBXResourcesBuildPhase section */

/* Begin PBXSourcesBuildPhase section */
		2EF46ECD1949CA4D000D3206 /* Sources */ = {
			isa = PBXSourcesBuildPhase;
			buildActionMask = 2147483647;
			files = (
				2EF46EFA1949D228000D3206 /* GridBoardView.swift in Sources */,
				2EB861A4194AB5A40016D660 /* Structures.swift in Sources */,
				2EB861B0194EAE7B0016D660 /* BlockType4.swift in Sources */,
				2EF46F041949DEC2000D3206 /* Block.swift in Sources */,
				2EF46F011949DB5D000D3206 /* MainView.swift in Sources */,
				2EF46ED91949CA4D000D3206 /* AppDelegate.swift in Sources */,
				2E7EA07619508B9B00837BBE /* GameLogicController.swift in Sources */,
				2EF46EF61949CB49000D3206 /* GameViewController.swift in Sources */,
				2EB861AC194EAD1C0016D660 /* BlockType2.swift in Sources */,
				2EF46EFE1949D4E2000D3206 /* MainViewController.swift in Sources */,
				2EF46EF81949CBB2000D3206 /* GameView.swift in Sources */,
				2EF46ED71949CA4D000D3206 /* main.swift in Sources */,
				2EB861AA194EAC560016D660 /* BlockType1.swift in Sources */,
				2EB861AE194EADBB0016D660 /* BlockType3.swift in Sources */,
				2EB861B2194F1C5A0016D660 /* BlockType5.swift in Sources */,
				2EB861B4194F1D0C0016D660 /* BlockType6.swift in Sources */,
				2EB861B6194F1DB70016D660 /* BlockType7.swift in Sources */,
			);
			runOnlyForDeploymentPostprocessing = 0;
		};
		2EF46EDF1949CA4D000D3206 /* Sources */ = {
			isa = PBXSourcesBuildPhase;
			buildActionMask = 2147483647;
			files = (
				2EF46EEA1949CA4D000D3206 /* SwiftrisTests.swift in Sources */,
				2EB861A5194AB5A40016D660 /* Structures.swift in Sources */,
				2EF46F051949DEC2000D3206 /* Block.swift in Sources */,
			);
			runOnlyForDeploymentPostprocessing = 0;
		};
/* End PBXSourcesBuildPhase section */

/* Begin PBXTargetDependency section */
		2EF46EE51949CA4D000D3206 /* PBXTargetDependency */ = {
			isa = PBXTargetDependency;
			target = 2EF46ED01949CA4D000D3206 /* Swiftris */;
			targetProxy = 2EF46EE41949CA4D000D3206 /* PBXContainerItemProxy */;
		};
/* End PBXTargetDependency section */

/* Begin PBXVariantGroup section */
		2EF46EDC1949CA4D000D3206 /* MainMenu.xib */ = {
			isa = PBXVariantGroup;
			children = (
				2EF46EDD1949CA4D000D3206 /* Base */,
			);
			name = MainMenu.xib;
			sourceTree = "<group>";
		};
/* End PBXVariantGroup section */

/* Begin XCBuildConfiguration section */
		2EF46EEB1949CA4D000D3206 /* Debug */ = {
			isa = XCBuildConfiguration;
			buildSettings = {
				ALWAYS_SEARCH_USER_PATHS = NO;
				CLANG_CXX_LANGUAGE_STANDARD = "gnu++0x";
				CLANG_CXX_LIBRARY = "libc++";
				CLANG_ENABLE_MODULES = YES;
				CLANG_ENABLE_OBJC_ARC = YES;
				CLANG_WARN_BOOL_CONVERSION = YES;
				CLANG_WARN_CONSTANT_CONVERSION = YES;
				CLANG_WARN_DIRECT_OBJC_ISA_USAGE = YES_ERROR;
				CLANG_WARN_EMPTY_BODY = YES;
				CLANG_WARN_ENUM_CONVERSION = YES;
				CLANG_WARN_INT_CONVERSION = YES;
				CLANG_WARN_OBJC_ROOT_CLASS = YES_ERROR;
				CLANG_WARN_UNREACHABLE_CODE = YES;
				CLANG_WARN__DUPLICATE_METHOD_MATCH = YES;
				CODE_SIGN_IDENTITY = "-";
				COPY_PHASE_STRIP = NO;
				ENABLE_STRICT_OBJC_MSGSEND = YES;
				GCC_C_LANGUAGE_STANDARD = gnu99;
				GCC_DYNAMIC_NO_PIC = NO;
				GCC_OPTIMIZATION_LEVEL = 0;
				GCC_PREPROCESSOR_DEFINITIONS = (
					"DEBUG=1",
					"$(inherited)",
				);
				GCC_SYMBOLS_PRIVATE_EXTERN = NO;
				GCC_WARN_64_TO_32_BIT_CONVERSION = YES;
				GCC_WARN_ABOUT_RETURN_TYPE = YES_ERROR;
				GCC_WARN_UNDECLARED_SELECTOR = YES;
				GCC_WARN_UNINITIALIZED_AUTOS = YES_AGGRESSIVE;
				GCC_WARN_UNUSED_FUNCTION = YES;
				GCC_WARN_UNUSED_VARIABLE = YES;
				MACOSX_DEPLOYMENT_TARGET = 10.9;
				METAL_ENABLE_DEBUG_INFO = YES;
				ONLY_ACTIVE_ARCH = YES;
				SDKROOT = macosx;
				SWIFT_OPTIMIZATION_LEVEL = "-Onone";
			};
			name = Debug;
		};
		2EF46EEC1949CA4D000D3206 /* Release */ = {
			isa = XCBuildConfiguration;
			buildSettings = {
				ALWAYS_SEARCH_USER_PATHS = NO;
				CLANG_CXX_LANGUAGE_STANDARD = "gnu++0x";
				CLANG_CXX_LIBRARY = "libc++";
				CLANG_ENABLE_MODULES = YES;
				CLANG_ENABLE_OBJC_ARC = YES;
				CLANG_WARN_BOOL_CONVERSION = YES;
				CLANG_WARN_CONSTANT_CONVERSION = YES;
				CLANG_WARN_DIRECT_OBJC_ISA_USAGE = YES_ERROR;
				CLANG_WARN_EMPTY_BODY = YES;
				CLANG_WARN_ENUM_CONVERSION = YES;
				CLANG_WARN_INT_CONVERSION = YES;
				CLANG_WARN_OBJC_ROOT_CLASS = YES_ERROR;
				CLANG_WARN_UNREACHABLE_CODE = YES;
				CLANG_WARN__DUPLICATE_METHOD_MATCH = YES;
				CODE_SIGN_IDENTITY = "-";
				COPY_PHASE_STRIP = YES;
				DEBUG_INFORMATION_FORMAT = "dwarf-with-dsym";
				ENABLE_NS_ASSERTIONS = NO;
				ENABLE_STRICT_OBJC_MSGSEND = YES;
				GCC_C_LANGUAGE_STANDARD = gnu99;
				GCC_WARN_64_TO_32_BIT_CONVERSION = YES;
				GCC_WARN_ABOUT_RETURN_TYPE = YES_ERROR;
				GCC_WARN_UNDECLARED_SELECTOR = YES;
				GCC_WARN_UNINITIALIZED_AUTOS = YES_AGGRESSIVE;
				GCC_WARN_UNUSED_FUNCTION = YES;
				GCC_WARN_UNUSED_VARIABLE = YES;
				MACOSX_DEPLOYMENT_TARGET = 10.9;
				METAL_ENABLE_DEBUG_INFO = NO;
				SDKROOT = macosx;
			};
			name = Release;
		};
		2EF46EEE1949CA4D000D3206 /* Debug */ = {
			isa = XCBuildConfiguration;
			buildSettings = {
				ASSETCATALOG_COMPILER_APPICON_NAME = AppIcon;
				COMBINE_HIDPI_IMAGES = YES;
				INFOPLIST_FILE = Swiftris/Info.plist;
				LD_RUNPATH_SEARCH_PATHS = "$(inherited) @executable_path/../Frameworks";
				PRODUCT_NAME = "$(TARGET_NAME)";
			};
			name = Debug;
		};
		2EF46EEF1949CA4D000D3206 /* Release */ = {
			isa = XCBuildConfiguration;
			buildSettings = {
				ASSETCATALOG_COMPILER_APPICON_NAME = AppIcon;
				COMBINE_HIDPI_IMAGES = YES;
				INFOPLIST_FILE = Swiftris/Info.plist;
				LD_RUNPATH_SEARCH_PATHS = "$(inherited) @executable_path/../Frameworks";
				PRODUCT_NAME = "$(TARGET_NAME)";
			};
			name = Release;
		};
		2EF46EF11949CA4D000D3206 /* Debug */ = {
			isa = XCBuildConfiguration;
			buildSettings = {
				BUNDLE_LOADER = "$(BUILT_PRODUCTS_DIR)/Swiftris.app/Contents/MacOS/Swiftris";
				COMBINE_HIDPI_IMAGES = YES;
				FRAMEWORK_SEARCH_PATHS = (
					"$(DEVELOPER_FRAMEWORKS_DIR)",
					"$(inherited)",
				);
				GCC_GENERATE_TEST_COVERAGE_FILES = YES;
				GCC_PREPROCESSOR_DEFINITIONS = (
					"DEBUG=1",
					"$(inherited)",
				);
				INFOPLIST_FILE = SwiftrisTests/Info.plist;
				LD_RUNPATH_SEARCH_PATHS = "$(inherited) @executable_path/../Frameworks @loader_path/../Frameworks";
				METAL_ENABLE_DEBUG_INFO = YES;
				PRODUCT_NAME = "$(TARGET_NAME)";
				TEST_HOST = "$(BUNDLE_LOADER)";
			};
			name = Debug;
		};
		2EF46EF21949CA4D000D3206 /* Release */ = {
			isa = XCBuildConfiguration;
			buildSettings = {
				BUNDLE_LOADER = "$(BUILT_PRODUCTS_DIR)/Swiftris.app/Contents/MacOS/Swiftris";
				COMBINE_HIDPI_IMAGES = YES;
				FRAMEWORK_SEARCH_PATHS = (
					"$(DEVELOPER_FRAMEWORKS_DIR)",
					"$(inherited)",
				);
				GCC_GENERATE_TEST_COVERAGE_FILES = YES;
				INFOPLIST_FILE = SwiftrisTests/Info.plist;
				LD_RUNPATH_SEARCH_PATHS = "$(inherited) @executable_path/../Frameworks @loader_path/../Frameworks";
				METAL_ENABLE_DEBUG_INFO = NO;
				PRODUCT_NAME = "$(TARGET_NAME)";
				TEST_HOST = "$(BUNDLE_LOADER)";
			};
			name = Release;
		};
/* End XCBuildConfiguration section */

/* Begin XCConfigurationList section */
		2EF46ECC1949CA4D000D3206 /* Build configuration list for PBXProject "Swiftris" */ = {
			isa = XCConfigurationList;
			buildConfigurations = (
				2EF46EEB1949CA4D000D3206 /* Debug */,
				2EF46EEC1949CA4D000D3206 /* Release */,
			);
			defaultConfigurationIsVisible = 0;
			defaultConfigurationName = Release;
		};
		2EF46EED1949CA4D000D3206 /* Build configuration list for PBXNativeTarget "Swiftris" */ = {
			isa = XCConfigurationList;
			buildConfigurations = (
				2EF46EEE1949CA4D000D3206 /* Debug */,
				2EF46EEF1949CA4D000D3206 /* Release */,
			);
			defaultConfigurationIsVisible = 0;
			defaultConfigurationName = Release;
		};
		2EF46EF01949CA4D000D3206 /* Build configuration list for PBXNativeTarget "SwiftrisTests" */ = {
			isa = XCConfigurationList;
			buildConfigurations = (
				2EF46EF11949CA4D000D3206 /* Debug */,
				2EF46EF21949CA4D000D3206 /* Release */,
			);
			defaultConfigurationIsVisible = 0;
			defaultConfigurationName = Release;
		};
/* End XCConfigurationList section */
	};
	rootObject = 2EF46EC91949CA4D000D3206 /* Project object */;
}
