// !$*UTF8*$!
{
	archiveVersion = 1;
	classes = {
	};
	objectVersion = 46;
	objects = {

/* Begin PBXBuildFile section */
		2EB72C1D1953EDEB00574E38 /* BoardView.swift in Sources */ = {isa = PBXBuildFile; fileRef = 2EB72C1C1953EDEB00574E38 /* BoardView.swift */; };
		2EF46ED91949CA4D000D3206 /* AppDelegate.swift in Sources */ = {isa = PBXBuildFile; fileRef = 2EF46ED81949CA4D000D3206 /* AppDelegate.swift */; };
		2EF46EDB1949CA4D000D3206 /* Images.xcassets in Resources */ = {isa = PBXBuildFile; fileRef = 2EF46EDA1949CA4D000D3206 /* Images.xcassets */; };
		2EF46EDE1949CA4D000D3206 /* MainMenu.xib in Resources */ = {isa = PBXBuildFile; fileRef = 2EF46EDC1949CA4D000D3206 /* MainMenu.xib */; };
		2EF46EFE1949D4E2000D3206 /* MainViewController.swift in Sources */ = {isa = PBXBuildFile; fileRef = 2EF46EFC1949D4E2000D3206 /* MainViewController.swift */; };
		2EF46EFF1949D4E2000D3206 /* MainViewController.xib in Resources */ = {isa = PBXBuildFile; fileRef = 2EF46EFD1949D4E2000D3206 /* MainViewController.xib */; };
		2EF46F011949DB5D000D3206 /* MainView.swift in Sources */ = {isa = PBXBuildFile; fileRef = 2EF46F001949DB5D000D3206 /* MainView.swift */; };
		5504C1D61D4B6F4900668C43 /* GameLogicController+Interface.swift in Sources */ = {isa = PBXBuildFile; fileRef = 5504C1D51D4B6F4900668C43 /* GameLogicController+Interface.swift */; };
		551A71D31D4B14D7005725C0 /* Logic.framework in Frameworks */ = {isa = PBXBuildFile; fileRef = 551A71CA1D4B14CE005725C0 /* Logic.framework */; };
		551A71DC1D4B14D7005725C0 /* Logic.h in Headers */ = {isa = PBXBuildFile; fileRef = 551A71CC1D4B14D2005725C0 /* Logic.h */; settings = {ATTRIBUTES = (Public, ); }; };
		551A71DF1D4B14D7005725C0 /* Logic.framework in Frameworks */ = {isa = PBXBuildFile; fileRef = 551A71CA1D4B14CE005725C0 /* Logic.framework */; };
		551A71E01D4B14D7005725C0 /* Logic.framework in Embed Frameworks */ = {isa = PBXBuildFile; fileRef = 551A71CA1D4B14CE005725C0 /* Logic.framework */; settings = {ATTRIBUTES = (CodeSignOnCopy, RemoveHeadersOnCopy, ); }; };
		551A71F31D4B1501005725C0 /* BlockGeneratorTests.swift in Sources */ = {isa = PBXBuildFile; fileRef = 551A71E81D4B1501005725C0 /* BlockGeneratorTests.swift */; };
		551A71F41D4B1501005725C0 /* BlockTests.swift in Sources */ = {isa = PBXBuildFile; fileRef = 551A71E91D4B1501005725C0 /* BlockTests.swift */; };
		551A71F51D4B1501005725C0 /* BlockTypeTests.swift in Sources */ = {isa = PBXBuildFile; fileRef = 551A71EA1D4B1501005725C0 /* BlockTypeTests.swift */; };
		551A71F61D4B1501005725C0 /* BoardTests.swift in Sources */ = {isa = PBXBuildFile; fileRef = 551A71EB1D4B1501005725C0 /* BoardTests.swift */; };
		551A71F71D4B1501005725C0 /* DropTimerTests.swift in Sources */ = {isa = PBXBuildFile; fileRef = 551A71EC1D4B1501005725C0 /* DropTimerTests.swift */; };
		551A71F81D4B1501005725C0 /* SizeTests.swift in Sources */ = {isa = PBXBuildFile; fileRef = 551A71ED1D4B1501005725C0 /* SizeTests.swift */; };
		551A71F91D4B1501005725C0 /* GridTests.swift in Sources */ = {isa = PBXBuildFile; fileRef = 551A71EE1D4B1501005725C0 /* GridTests.swift */; };
		551A71FB1D4B1501005725C0 /* MovementTests.swift in Sources */ = {isa = PBXBuildFile; fileRef = 551A71F01D4B1501005725C0 /* MovementTests.swift */; };
		551A71FC1D4B1501005725C0 /* PointTests.swift in Sources */ = {isa = PBXBuildFile; fileRef = 551A71F11D4B1501005725C0 /* PointTests.swift */; };
		551A720E1D4B154F005725C0 /* Block.swift in Sources */ = {isa = PBXBuildFile; fileRef = 551A72001D4B154F005725C0 /* Block.swift */; };
		551A720F1D4B154F005725C0 /* Block+Debugging.swift in Sources */ = {isa = PBXBuildFile; fileRef = 551A72011D4B154F005725C0 /* Block+Debugging.swift */; };
		551A72101D4B154F005725C0 /* BlockGenerator.swift in Sources */ = {isa = PBXBuildFile; fileRef = 551A72021D4B154F005725C0 /* BlockGenerator.swift */; };
		551A72111D4B154F005725C0 /* BlockTemplate.swift in Sources */ = {isa = PBXBuildFile; fileRef = 551A72031D4B154F005725C0 /* BlockTemplate.swift */; };
		551A72121D4B154F005725C0 /* BlockType.swift in Sources */ = {isa = PBXBuildFile; fileRef = 551A72041D4B154F005725C0 /* BlockType.swift */; };
		551A72131D4B154F005725C0 /* Board.swift in Sources */ = {isa = PBXBuildFile; fileRef = 551A72051D4B154F005725C0 /* Board.swift */; };
		551A72141D4B154F005725C0 /* DropTimer.swift in Sources */ = {isa = PBXBuildFile; fileRef = 551A72061D4B154F005725C0 /* DropTimer.swift */; };
		551A72151D4B154F005725C0 /* GameLogicController.swift in Sources */ = {isa = PBXBuildFile; fileRef = 551A72071D4B154F005725C0 /* GameLogicController.swift */; };
		551A72171D4B154F005725C0 /* Grid.swift in Sources */ = {isa = PBXBuildFile; fileRef = 551A72091D4B154F005725C0 /* Grid.swift */; };
		551A72191D4B154F005725C0 /* Grid+Subscript.swift in Sources */ = {isa = PBXBuildFile; fileRef = 551A720B1D4B154F005725C0 /* Grid+Subscript.swift */; };
		551A721A1D4B154F005725C0 /* Size.swift in Sources */ = {isa = PBXBuildFile; fileRef = 551A720C1D4B154F005725C0 /* Size.swift */; };
		551A721B1D4B154F005725C0 /* KeyCode.swift in Sources */ = {isa = PBXBuildFile; fileRef = 551A720D1D4B154F005725C0 /* KeyCode.swift */; };
		551A721F1D4B1563005725C0 /* NSColor+Extension.swift in Sources */ = {isa = PBXBuildFile; fileRef = 551A721D1D4B1563005725C0 /* NSColor+Extension.swift */; };
		551A72221D4B15CF005725C0 /* Movement.swift in Sources */ = {isa = PBXBuildFile; fileRef = 551A72201D4B15CF005725C0 /* Movement.swift */; };
		551A72231D4B15CF005725C0 /* Point.swift in Sources */ = {isa = PBXBuildFile; fileRef = 551A72211D4B15CF005725C0 /* Point.swift */; };
		551D71D81EFA3AF3007AC099 /* GameLogicControllerTests.swift in Sources */ = {isa = PBXBuildFile; fileRef = 551D71D71EFA3AF3007AC099 /* GameLogicControllerTests.swift */; };
		551D71F31F01F04E007AC099 /* GameStateTests.swift in Sources */ = {isa = PBXBuildFile; fileRef = 551D71F21F01F04E007AC099 /* GameStateTests.swift */; };
		5532B20C22151ECE00BA5B14 /* BlockActionTests.swift in Sources */ = {isa = PBXBuildFile; fileRef = 5532B20B22151ECE00BA5B14 /* BlockActionTests.swift */; };
		5532B20E2215242100BA5B14 /* BlockProtocol.swift in Sources */ = {isa = PBXBuildFile; fileRef = 5532B20D2215242100BA5B14 /* BlockProtocol.swift */; };
		5532B2102215244F00BA5B14 /* BoardProtocol.swift in Sources */ = {isa = PBXBuildFile; fileRef = 5532B20F2215244F00BA5B14 /* BoardProtocol.swift */; };
		5532B213221528F300BA5B14 /* curryTests.swift in Sources */ = {isa = PBXBuildFile; fileRef = 5532B212221528F300BA5B14 /* curryTests.swift */; };
		5532B21522152AC700BA5B14 /* assert.swift in Sources */ = {isa = PBXBuildFile; fileRef = 5532B21422152AC700BA5B14 /* assert.swift */; };
		5532B21822152C3B00BA5B14 /* XCTestCase+ExpectAssertFail.swift in Sources */ = {isa = PBXBuildFile; fileRef = 5532B21722152C3B00BA5B14 /* XCTestCase+ExpectAssertFail.swift */; };
		5532B21A22152CB200BA5B14 /* GridSubscriptTests.swift in Sources */ = {isa = PBXBuildFile; fileRef = 5532B21922152CB200BA5B14 /* GridSubscriptTests.swift */; };
		5577B9C41E374FA400FB551B /* DirtyCheckable.swift in Sources */ = {isa = PBXBuildFile; fileRef = 5577B9C31E374FA400FB551B /* DirtyCheckable.swift */; };
		558665AF2202F2E800DA4A02 /* curry.swift in Sources */ = {isa = PBXBuildFile; fileRef = 558665AE2202F2E800DA4A02 /* curry.swift */; };
		55947B981D4B3DA800F2DC58 /* NSColorExtensionTests.swift in Sources */ = {isa = PBXBuildFile; fileRef = 55947B971D4B3DA800F2DC58 /* NSColorExtensionTests.swift */; };
		55947B9A1D4B404400F2DC58 /* BlockDebuggingTests.swift in Sources */ = {isa = PBXBuildFile; fileRef = 55947B991D4B404400F2DC58 /* BlockDebuggingTests.swift */; };
		55947B9F1D4B6D5A00F2DC58 /* GameState.swift in Sources */ = {isa = PBXBuildFile; fileRef = 55947B9E1D4B6D5A00F2DC58 /* GameState.swift */; };
		55A2EB20220BF154003A095D /* Brick.swift in Sources */ = {isa = PBXBuildFile; fileRef = 55A2EB1F220BF154003A095D /* Brick.swift */; };
		55A2EB61220D5C9F003A095D /* Row.swift in Sources */ = {isa = PBXBuildFile; fileRef = 55A2EB60220D5C9F003A095D /* Row.swift */; };
		55A2EB63220D5DDC003A095D /* RowTests.swift in Sources */ = {isa = PBXBuildFile; fileRef = 55A2EB62220D5DDC003A095D /* RowTests.swift */; };
		55A2EBFB2212DE80003A095D /* BlockAction.swift in Sources */ = {isa = PBXBuildFile; fileRef = 55A2EBFA2212DE80003A095D /* BlockAction.swift */; };
/* End PBXBuildFile section */

/* Begin PBXContainerItemProxy section */
		551A71D41D4B14D7005725C0 /* PBXContainerItemProxy */ = {
			isa = PBXContainerItemProxy;
			containerPortal = 2EF46EC91949CA4D000D3206 /* Project object */;
			proxyType = 1;
			remoteGlobalIDString = 551A71C91D4B14CE005725C0;
			remoteInfo = Logic;
		};
		551A71DD1D4B14D7005725C0 /* PBXContainerItemProxy */ = {
			isa = PBXContainerItemProxy;
			containerPortal = 2EF46EC91949CA4D000D3206 /* Project object */;
			proxyType = 1;
			remoteGlobalIDString = 551A71C91D4B14CE005725C0;
			remoteInfo = Logic;
		};
/* End PBXContainerItemProxy section */

/* Begin PBXCopyFilesBuildPhase section */
		551A71E41D4B14D7005725C0 /* Embed Frameworks */ = {
			isa = PBXCopyFilesBuildPhase;
			buildActionMask = 2147483647;
			dstPath = "";
			dstSubfolderSpec = 10;
			files = (
				551A71E01D4B14D7005725C0 /* Logic.framework in Embed Frameworks */,
			);
			name = "Embed Frameworks";
			runOnlyForDeploymentPostprocessing = 0;
		};
/* End PBXCopyFilesBuildPhase section */

/* Begin PBXFileReference section */
		2EB72C1C1953EDEB00574E38 /* BoardView.swift */ = {isa = PBXFileReference; fileEncoding = 4; lastKnownFileType = sourcecode.swift; path = BoardView.swift; sourceTree = "<group>"; };
		2EF46ED11949CA4D000D3206 /* Swiftris.app */ = {isa = PBXFileReference; explicitFileType = wrapper.application; includeInIndex = 0; path = Swiftris.app; sourceTree = BUILT_PRODUCTS_DIR; };
		2EF46ED51949CA4D000D3206 /* Info.plist */ = {isa = PBXFileReference; lastKnownFileType = text.plist.xml; path = Info.plist; sourceTree = "<group>"; };
		2EF46ED81949CA4D000D3206 /* AppDelegate.swift */ = {isa = PBXFileReference; lastKnownFileType = sourcecode.swift; path = AppDelegate.swift; sourceTree = "<group>"; };
		2EF46EDA1949CA4D000D3206 /* Images.xcassets */ = {isa = PBXFileReference; lastKnownFileType = folder.assetcatalog; path = Images.xcassets; sourceTree = "<group>"; };
		2EF46EDD1949CA4D000D3206 /* Base */ = {isa = PBXFileReference; lastKnownFileType = file.xib; name = Base; path = Base.lproj/MainMenu.xib; sourceTree = "<group>"; };
		2EF46EE81949CA4D000D3206 /* Info.plist */ = {isa = PBXFileReference; lastKnownFileType = text.plist.xml; path = Info.plist; sourceTree = "<group>"; };
		2EF46EFC1949D4E2000D3206 /* MainViewController.swift */ = {isa = PBXFileReference; fileEncoding = 4; lastKnownFileType = sourcecode.swift; path = MainViewController.swift; sourceTree = "<group>"; };
		2EF46EFD1949D4E2000D3206 /* MainViewController.xib */ = {isa = PBXFileReference; fileEncoding = 4; lastKnownFileType = file.xib; path = MainViewController.xib; sourceTree = "<group>"; };
		2EF46F001949DB5D000D3206 /* MainView.swift */ = {isa = PBXFileReference; fileEncoding = 4; lastKnownFileType = sourcecode.swift; path = MainView.swift; sourceTree = "<group>"; };
		5504C1D51D4B6F4900668C43 /* GameLogicController+Interface.swift */ = {isa = PBXFileReference; fileEncoding = 4; lastKnownFileType = sourcecode.swift; path = "GameLogicController+Interface.swift"; sourceTree = "<group>"; };
		551A71CA1D4B14CE005725C0 /* Logic.framework */ = {isa = PBXFileReference; explicitFileType = wrapper.framework; includeInIndex = 0; path = Logic.framework; sourceTree = BUILT_PRODUCTS_DIR; };
		551A71CC1D4B14D2005725C0 /* Logic.h */ = {isa = PBXFileReference; lastKnownFileType = sourcecode.c.h; path = Logic.h; sourceTree = "<group>"; };
		551A71CD1D4B14D2005725C0 /* Info.plist */ = {isa = PBXFileReference; lastKnownFileType = text.plist.xml; path = Info.plist; sourceTree = "<group>"; };
		551A71D21D4B14D2005725C0 /* LogicTests.xctest */ = {isa = PBXFileReference; explicitFileType = wrapper.cfbundle; includeInIndex = 0; path = LogicTests.xctest; sourceTree = BUILT_PRODUCTS_DIR; };
		551A71DB1D4B14D7005725C0 /* Info.plist */ = {isa = PBXFileReference; lastKnownFileType = text.plist.xml; path = Info.plist; sourceTree = "<group>"; };
		551A71E81D4B1501005725C0 /* BlockGeneratorTests.swift */ = {isa = PBXFileReference; fileEncoding = 4; lastKnownFileType = sourcecode.swift; path = BlockGeneratorTests.swift; sourceTree = "<group>"; };
		551A71E91D4B1501005725C0 /* BlockTests.swift */ = {isa = PBXFileReference; fileEncoding = 4; lastKnownFileType = sourcecode.swift; path = BlockTests.swift; sourceTree = "<group>"; };
		551A71EA1D4B1501005725C0 /* BlockTypeTests.swift */ = {isa = PBXFileReference; fileEncoding = 4; lastKnownFileType = sourcecode.swift; path = BlockTypeTests.swift; sourceTree = "<group>"; };
		551A71EB1D4B1501005725C0 /* BoardTests.swift */ = {isa = PBXFileReference; fileEncoding = 4; lastKnownFileType = sourcecode.swift; path = BoardTests.swift; sourceTree = "<group>"; };
		551A71EC1D4B1501005725C0 /* DropTimerTests.swift */ = {isa = PBXFileReference; fileEncoding = 4; lastKnownFileType = sourcecode.swift; path = DropTimerTests.swift; sourceTree = "<group>"; };
		551A71ED1D4B1501005725C0 /* SizeTests.swift */ = {isa = PBXFileReference; fileEncoding = 4; lastKnownFileType = sourcecode.swift; path = SizeTests.swift; sourceTree = "<group>"; };
		551A71EE1D4B1501005725C0 /* GridTests.swift */ = {isa = PBXFileReference; fileEncoding = 4; lastKnownFileType = sourcecode.swift; path = GridTests.swift; sourceTree = "<group>"; };
		551A71F01D4B1501005725C0 /* MovementTests.swift */ = {isa = PBXFileReference; fileEncoding = 4; lastKnownFileType = sourcecode.swift; path = MovementTests.swift; sourceTree = "<group>"; };
		551A71F11D4B1501005725C0 /* PointTests.swift */ = {isa = PBXFileReference; fileEncoding = 4; lastKnownFileType = sourcecode.swift; path = PointTests.swift; sourceTree = "<group>"; };
		551A71FE1D4B151D005725C0 /* SwiftrisTests.swift */ = {isa = PBXFileReference; fileEncoding = 4; lastKnownFileType = sourcecode.swift; path = SwiftrisTests.swift; sourceTree = "<group>"; };
		551A72001D4B154F005725C0 /* Block.swift */ = {isa = PBXFileReference; fileEncoding = 4; lastKnownFileType = sourcecode.swift; path = Block.swift; sourceTree = "<group>"; };
		551A72011D4B154F005725C0 /* Block+Debugging.swift */ = {isa = PBXFileReference; fileEncoding = 4; lastKnownFileType = sourcecode.swift; path = "Block+Debugging.swift"; sourceTree = "<group>"; };
		551A72021D4B154F005725C0 /* BlockGenerator.swift */ = {isa = PBXFileReference; fileEncoding = 4; lastKnownFileType = sourcecode.swift; path = BlockGenerator.swift; sourceTree = "<group>"; };
		551A72031D4B154F005725C0 /* BlockTemplate.swift */ = {isa = PBXFileReference; fileEncoding = 4; lastKnownFileType = sourcecode.swift; path = BlockTemplate.swift; sourceTree = "<group>"; };
		551A72041D4B154F005725C0 /* BlockType.swift */ = {isa = PBXFileReference; fileEncoding = 4; lastKnownFileType = sourcecode.swift; path = BlockType.swift; sourceTree = "<group>"; };
		551A72051D4B154F005725C0 /* Board.swift */ = {isa = PBXFileReference; fileEncoding = 4; lastKnownFileType = sourcecode.swift; path = Board.swift; sourceTree = "<group>"; };
		551A72061D4B154F005725C0 /* DropTimer.swift */ = {isa = PBXFileReference; fileEncoding = 4; lastKnownFileType = sourcecode.swift; path = DropTimer.swift; sourceTree = "<group>"; };
		551A72071D4B154F005725C0 /* GameLogicController.swift */ = {isa = PBXFileReference; fileEncoding = 4; lastKnownFileType = sourcecode.swift; path = GameLogicController.swift; sourceTree = "<group>"; };
		551A72091D4B154F005725C0 /* Grid.swift */ = {isa = PBXFileReference; fileEncoding = 4; lastKnownFileType = sourcecode.swift; path = Grid.swift; sourceTree = "<group>"; };
		551A720B1D4B154F005725C0 /* Grid+Subscript.swift */ = {isa = PBXFileReference; fileEncoding = 4; lastKnownFileType = sourcecode.swift; path = "Grid+Subscript.swift"; sourceTree = "<group>"; };
		551A720C1D4B154F005725C0 /* Size.swift */ = {isa = PBXFileReference; fileEncoding = 4; lastKnownFileType = sourcecode.swift; path = Size.swift; sourceTree = "<group>"; };
		551A720D1D4B154F005725C0 /* KeyCode.swift */ = {isa = PBXFileReference; fileEncoding = 4; lastKnownFileType = sourcecode.swift; path = KeyCode.swift; sourceTree = "<group>"; };
		551A721D1D4B1563005725C0 /* NSColor+Extension.swift */ = {isa = PBXFileReference; fileEncoding = 4; lastKnownFileType = sourcecode.swift; path = "NSColor+Extension.swift"; sourceTree = "<group>"; };
		551A72201D4B15CF005725C0 /* Movement.swift */ = {isa = PBXFileReference; fileEncoding = 4; lastKnownFileType = sourcecode.swift; path = Movement.swift; sourceTree = "<group>"; };
		551A72211D4B15CF005725C0 /* Point.swift */ = {isa = PBXFileReference; fileEncoding = 4; lastKnownFileType = sourcecode.swift; path = Point.swift; sourceTree = "<group>"; };
		551D71D71EFA3AF3007AC099 /* GameLogicControllerTests.swift */ = {isa = PBXFileReference; fileEncoding = 4; lastKnownFileType = sourcecode.swift; path = GameLogicControllerTests.swift; sourceTree = "<group>"; };
		551D71F21F01F04E007AC099 /* GameStateTests.swift */ = {isa = PBXFileReference; fileEncoding = 4; lastKnownFileType = sourcecode.swift; path = GameStateTests.swift; sourceTree = "<group>"; };
		5532B20B22151ECE00BA5B14 /* BlockActionTests.swift */ = {isa = PBXFileReference; lastKnownFileType = sourcecode.swift; path = BlockActionTests.swift; sourceTree = "<group>"; };
		5532B20D2215242100BA5B14 /* BlockProtocol.swift */ = {isa = PBXFileReference; lastKnownFileType = sourcecode.swift; path = BlockProtocol.swift; sourceTree = "<group>"; };
		5532B20F2215244F00BA5B14 /* BoardProtocol.swift */ = {isa = PBXFileReference; lastKnownFileType = sourcecode.swift; path = BoardProtocol.swift; sourceTree = "<group>"; };
		5532B212221528F300BA5B14 /* curryTests.swift */ = {isa = PBXFileReference; lastKnownFileType = sourcecode.swift; path = curryTests.swift; sourceTree = "<group>"; };
		5532B21422152AC700BA5B14 /* assert.swift */ = {isa = PBXFileReference; lastKnownFileType = sourcecode.swift; path = assert.swift; sourceTree = "<group>"; };
		5532B21722152C3B00BA5B14 /* XCTestCase+ExpectAssertFail.swift */ = {isa = PBXFileReference; lastKnownFileType = sourcecode.swift; path = "XCTestCase+ExpectAssertFail.swift"; sourceTree = "<group>"; };
		5532B21922152CB200BA5B14 /* GridSubscriptTests.swift */ = {isa = PBXFileReference; lastKnownFileType = sourcecode.swift; path = GridSubscriptTests.swift; sourceTree = "<group>"; };
		5577B9C31E374FA400FB551B /* DirtyCheckable.swift */ = {isa = PBXFileReference; fileEncoding = 4; lastKnownFileType = sourcecode.swift; path = DirtyCheckable.swift; sourceTree = "<group>"; };
		558665AE2202F2E800DA4A02 /* curry.swift */ = {isa = PBXFileReference; lastKnownFileType = sourcecode.swift; path = curry.swift; sourceTree = "<group>"; };
		55947B971D4B3DA800F2DC58 /* NSColorExtensionTests.swift */ = {isa = PBXFileReference; fileEncoding = 4; lastKnownFileType = sourcecode.swift; path = NSColorExtensionTests.swift; sourceTree = "<group>"; };
		55947B991D4B404400F2DC58 /* BlockDebuggingTests.swift */ = {isa = PBXFileReference; fileEncoding = 4; lastKnownFileType = sourcecode.swift; path = BlockDebuggingTests.swift; sourceTree = "<group>"; };
		55947B9E1D4B6D5A00F2DC58 /* GameState.swift */ = {isa = PBXFileReference; fileEncoding = 4; lastKnownFileType = sourcecode.swift; path = GameState.swift; sourceTree = "<group>"; };
		55A2EB1F220BF154003A095D /* Brick.swift */ = {isa = PBXFileReference; lastKnownFileType = sourcecode.swift; path = Brick.swift; sourceTree = "<group>"; };
		55A2EB60220D5C9F003A095D /* Row.swift */ = {isa = PBXFileReference; lastKnownFileType = sourcecode.swift; path = Row.swift; sourceTree = "<group>"; };
		55A2EB62220D5DDC003A095D /* RowTests.swift */ = {isa = PBXFileReference; lastKnownFileType = sourcecode.swift; path = RowTests.swift; sourceTree = "<group>"; };
		55A2EBFA2212DE80003A095D /* BlockAction.swift */ = {isa = PBXFileReference; lastKnownFileType = sourcecode.swift; path = BlockAction.swift; sourceTree = "<group>"; };
/* End PBXFileReference section */

/* Begin PBXFrameworksBuildPhase section */
		2EF46ECE1949CA4D000D3206 /* Frameworks */ = {
			isa = PBXFrameworksBuildPhase;
			buildActionMask = 2147483647;
			files = (
				551A71DF1D4B14D7005725C0 /* Logic.framework in Frameworks */,
			);
			runOnlyForDeploymentPostprocessing = 0;
		};
		551A71C61D4B14CE005725C0 /* Frameworks */ = {
			isa = PBXFrameworksBuildPhase;
			buildActionMask = 2147483647;
			files = (
			);
			runOnlyForDeploymentPostprocessing = 0;
		};
		551A71CF1D4B14D2005725C0 /* Frameworks */ = {
			isa = PBXFrameworksBuildPhase;
			buildActionMask = 2147483647;
			files = (
				551A71D31D4B14D7005725C0 /* Logic.framework in Frameworks */,
			);
			runOnlyForDeploymentPostprocessing = 0;
		};
/* End PBXFrameworksBuildPhase section */

/* Begin PBXGroup section */
		2EF46EC81949CA4D000D3206 = {
			isa = PBXGroup;
			children = (
				551A71CB1D4B14D2005725C0 /* Logic */,
				551A71D81D4B14D7005725C0 /* LogicTests */,
				2EF46ED31949CA4D000D3206 /* Swiftris */,
				2EF46EE61949CA4D000D3206 /* SwiftrisTests */,
				2EF46ED21949CA4D000D3206 /* Products */,
			);
			sourceTree = "<group>";
		};
		2EF46ED21949CA4D000D3206 /* Products */ = {
			isa = PBXGroup;
			children = (
				2EF46ED11949CA4D000D3206 /* Swiftris.app */,
				551A71CA1D4B14CE005725C0 /* Logic.framework */,
				551A71D21D4B14D2005725C0 /* LogicTests.xctest */,
			);
			name = Products;
			sourceTree = "<group>";
		};
		2EF46ED31949CA4D000D3206 /* Swiftris */ = {
			isa = PBXGroup;
			children = (
				2EF46F001949DB5D000D3206 /* MainView.swift */,
				2EB72C1C1953EDEB00574E38 /* BoardView.swift */,
				2EF46EFC1949D4E2000D3206 /* MainViewController.swift */,
				2EF46ED81949CA4D000D3206 /* AppDelegate.swift */,
				2EF46EDA1949CA4D000D3206 /* Images.xcassets */,
				2EF46EDC1949CA4D000D3206 /* MainMenu.xib */,
				2EF46EFD1949D4E2000D3206 /* MainViewController.xib */,
				2EF46ED41949CA4D000D3206 /* Supporting Files */,
			);
			path = Swiftris;
			sourceTree = "<group>";
		};
		2EF46ED41949CA4D000D3206 /* Supporting Files */ = {
			isa = PBXGroup;
			children = (
				2EF46ED51949CA4D000D3206 /* Info.plist */,
			);
			name = "Supporting Files";
			sourceTree = "<group>";
		};
		2EF46EE61949CA4D000D3206 /* SwiftrisTests */ = {
			isa = PBXGroup;
			children = (
				551A71FE1D4B151D005725C0 /* SwiftrisTests.swift */,
				2EF46EE71949CA4D000D3206 /* Supporting Files */,
			);
			path = SwiftrisTests;
			sourceTree = "<group>";
		};
		2EF46EE71949CA4D000D3206 /* Supporting Files */ = {
			isa = PBXGroup;
			children = (
				2EF46EE81949CA4D000D3206 /* Info.plist */,
			);
			name = "Supporting Files";
			sourceTree = "<group>";
		};
		551A71CB1D4B14D2005725C0 /* Logic */ = {
			isa = PBXGroup;
			children = (
				551A71CC1D4B14D2005725C0 /* Logic.h */,
				558665B02202F2F100DA4A02 /* Utils */,
				558665AB2202BAC800DA4A02 /* Extensions */,
				55D36A1A1D4B2BED0076EE47 /* Types */,
				55D36A1B1D4B2C290076EE47 /* Block */,
				55947B9B1D4B6CF300F2DC58 /* Board */,
				55947B9D1D4B6D2700F2DC58 /* GameLogic */,
				551A71CD1D4B14D2005725C0 /* Info.plist */,
			);
			path = Logic;
			sourceTree = "<group>";
		};
		551A71D81D4B14D7005725C0 /* LogicTests */ = {
			isa = PBXGroup;
			children = (
				5532B21622152C0F00BA5B14 /* TestHelper */,
				5532B211221528D600BA5B14 /* Utils */,
				55D36A1C1D4B2C560076EE47 /* Types */,
				55D36A1D1D4B2C720076EE47 /* Block */,
				55947B9C1D4B6D0000F2DC58 /* Board */,
				551D71D61EFA3AC6007AC099 /* GameLogic */,
				55947B971D4B3DA800F2DC58 /* NSColorExtensionTests.swift */,
				551A71DB1D4B14D7005725C0 /* Info.plist */,
			);
			path = LogicTests;
			sourceTree = "<group>";
		};
		551D71D61EFA3AC6007AC099 /* GameLogic */ = {
			isa = PBXGroup;
			children = (
				551D71F21F01F04E007AC099 /* GameStateTests.swift */,
				5532B20B22151ECE00BA5B14 /* BlockActionTests.swift */,
				551D71D71EFA3AF3007AC099 /* GameLogicControllerTests.swift */,
			);
			name = GameLogic;
			sourceTree = "<group>";
		};
		5532B211221528D600BA5B14 /* Utils */ = {
			isa = PBXGroup;
			children = (
				5532B212221528F300BA5B14 /* curryTests.swift */,
			);
			name = Utils;
			sourceTree = "<group>";
		};
		5532B21622152C0F00BA5B14 /* TestHelper */ = {
			isa = PBXGroup;
			children = (
				5532B21722152C3B00BA5B14 /* XCTestCase+ExpectAssertFail.swift */,
			);
			name = TestHelper;
			sourceTree = "<group>";
		};
		558665AB2202BAC800DA4A02 /* Extensions */ = {
			isa = PBXGroup;
			children = (
				551A721D1D4B1563005725C0 /* NSColor+Extension.swift */,
			);
			name = Extensions;
			sourceTree = "<group>";
		};
		558665B02202F2F100DA4A02 /* Utils */ = {
			isa = PBXGroup;
			children = (
				5532B21422152AC700BA5B14 /* assert.swift */,
				558665AE2202F2E800DA4A02 /* curry.swift */,
			);
			name = Utils;
			sourceTree = "<group>";
		};
		55947B9B1D4B6CF300F2DC58 /* Board */ = {
			isa = PBXGroup;
			children = (
				5532B20F2215244F00BA5B14 /* BoardProtocol.swift */,
				551A72051D4B154F005725C0 /* Board.swift */,
			);
			name = Board;
			sourceTree = "<group>";
		};
		55947B9C1D4B6D0000F2DC58 /* Board */ = {
			isa = PBXGroup;
			children = (
				551A71EB1D4B1501005725C0 /* BoardTests.swift */,
			);
			name = Board;
			sourceTree = "<group>";
		};
		55947B9D1D4B6D2700F2DC58 /* GameLogic */ = {
			isa = PBXGroup;
			children = (
				55947B9E1D4B6D5A00F2DC58 /* GameState.swift */,
				55A2EBFA2212DE80003A095D /* BlockAction.swift */,
				551A72071D4B154F005725C0 /* GameLogicController.swift */,
				5504C1D51D4B6F4900668C43 /* GameLogicController+Interface.swift */,
			);
			name = GameLogic;
			sourceTree = "<group>";
		};
		55D36A1A1D4B2BED0076EE47 /* Types */ = {
			isa = PBXGroup;
			children = (
				551A72211D4B15CF005725C0 /* Point.swift */,
				551A720C1D4B154F005725C0 /* Size.swift */,
				55A2EB1F220BF154003A095D /* Brick.swift */,
				55A2EB60220D5C9F003A095D /* Row.swift */,
				551A72091D4B154F005725C0 /* Grid.swift */,
				551A720B1D4B154F005725C0 /* Grid+Subscript.swift */,
				5577B9C31E374FA400FB551B /* DirtyCheckable.swift */,
				551A720D1D4B154F005725C0 /* KeyCode.swift */,
			);
			name = Types;
			sourceTree = "<group>";
		};
		55D36A1B1D4B2C290076EE47 /* Block */ = {
			isa = PBXGroup;
			children = (
				551A72061D4B154F005725C0 /* DropTimer.swift */,
				551A72201D4B15CF005725C0 /* Movement.swift */,
				551A72031D4B154F005725C0 /* BlockTemplate.swift */,
				551A72041D4B154F005725C0 /* BlockType.swift */,
				5532B20D2215242100BA5B14 /* BlockProtocol.swift */,
				551A72001D4B154F005725C0 /* Block.swift */,
				551A72011D4B154F005725C0 /* Block+Debugging.swift */,
				551A72021D4B154F005725C0 /* BlockGenerator.swift */,
			);
			name = Block;
			sourceTree = "<group>";
		};
		55D36A1C1D4B2C560076EE47 /* Types */ = {
			isa = PBXGroup;
			children = (
				551A71F11D4B1501005725C0 /* PointTests.swift */,
				551A71ED1D4B1501005725C0 /* SizeTests.swift */,
				551A71EE1D4B1501005725C0 /* GridTests.swift */,
				5532B21922152CB200BA5B14 /* GridSubscriptTests.swift */,
				55A2EB62220D5DDC003A095D /* RowTests.swift */,
			);
			name = Types;
			sourceTree = "<group>";
		};
		55D36A1D1D4B2C720076EE47 /* Block */ = {
			isa = PBXGroup;
			children = (
				551A71EC1D4B1501005725C0 /* DropTimerTests.swift */,
				551A71F01D4B1501005725C0 /* MovementTests.swift */,
				551A71EA1D4B1501005725C0 /* BlockTypeTests.swift */,
				551A71E91D4B1501005725C0 /* BlockTests.swift */,
				551A71E81D4B1501005725C0 /* BlockGeneratorTests.swift */,
				55947B991D4B404400F2DC58 /* BlockDebuggingTests.swift */,
			);
			name = Block;
			sourceTree = "<group>";
		};
/* End PBXGroup section */

/* Begin PBXHeadersBuildPhase section */
		551A71C71D4B14CE005725C0 /* Headers */ = {
			isa = PBXHeadersBuildPhase;
			buildActionMask = 2147483647;
			files = (
				551A71DC1D4B14D7005725C0 /* Logic.h in Headers */,
			);
			runOnlyForDeploymentPostprocessing = 0;
		};
/* End PBXHeadersBuildPhase section */

/* Begin PBXNativeTarget section */
		2EF46ED01949CA4D000D3206 /* Swiftris */ = {
			isa = PBXNativeTarget;
			buildConfigurationList = 2EF46EED1949CA4D000D3206 /* Build configuration list for PBXNativeTarget "Swiftris" */;
			buildPhases = (
				2EF46ECD1949CA4D000D3206 /* Sources */,
				2EF46ECE1949CA4D000D3206 /* Frameworks */,
				2EF46ECF1949CA4D000D3206 /* Resources */,
				551A71E41D4B14D7005725C0 /* Embed Frameworks */,
				558665AC2202DA3400DA4A02 /* swiftlint */,
			);
			buildRules = (
			);
			dependencies = (
				551A71DE1D4B14D7005725C0 /* PBXTargetDependency */,
			);
			name = Swiftris;
			productName = Swiftris;
			productReference = 2EF46ED11949CA4D000D3206 /* Swiftris.app */;
			productType = "com.apple.product-type.application";
		};
		551A71C91D4B14CE005725C0 /* Logic */ = {
			isa = PBXNativeTarget;
			buildConfigurationList = 551A71E11D4B14D7005725C0 /* Build configuration list for PBXNativeTarget "Logic" */;
			buildPhases = (
				551A71C51D4B14CE005725C0 /* Sources */,
				551A71C61D4B14CE005725C0 /* Frameworks */,
				551A71C71D4B14CE005725C0 /* Headers */,
				551A71C81D4B14CE005725C0 /* Resources */,
				558665AD2202DA5000DA4A02 /* swiftlint */,
			);
			buildRules = (
			);
			dependencies = (
			);
			name = Logic;
			productName = Logic;
			productReference = 551A71CA1D4B14CE005725C0 /* Logic.framework */;
			productType = "com.apple.product-type.framework";
		};
		551A71D11D4B14D2005725C0 /* LogicTests */ = {
			isa = PBXNativeTarget;
			buildConfigurationList = 551A71E51D4B14D7005725C0 /* Build configuration list for PBXNativeTarget "LogicTests" */;
			buildPhases = (
				551A71CE1D4B14D2005725C0 /* Sources */,
				551A71CF1D4B14D2005725C0 /* Frameworks */,
				551A71D01D4B14D2005725C0 /* Resources */,
			);
			buildRules = (
			);
			dependencies = (
				551A71D51D4B14D7005725C0 /* PBXTargetDependency */,
			);
			name = LogicTests;
			productName = LogicTests;
			productReference = 551A71D21D4B14D2005725C0 /* LogicTests.xctest */;
			productType = "com.apple.product-type.bundle.unit-test";
		};
/* End PBXNativeTarget section */

/* Begin PBXProject section */
		2EF46EC91949CA4D000D3206 /* Project object */ = {
			isa = PBXProject;
			attributes = {
				LastSwiftUpdateCheck = 0800;
				LastUpgradeCheck = 0600;
				ORGANIZATIONNAME = bearkode;
				TargetAttributes = {
					2EF46ED01949CA4D000D3206 = {
						CreatedOnToolsVersion = 6.0;
						DevelopmentTeam = 8899R5FJ5P;
						LastSwiftMigration = 0800;
						ProvisioningStyle = Automatic;
					};
					551A71C91D4B14CE005725C0 = {
						CreatedOnToolsVersion = 8.0;
						DevelopmentTeam = 8899R5FJ5P;
						LastSwiftMigration = 0800;
						ProvisioningStyle = Manual;
					};
					551A71D11D4B14D2005725C0 = {
						CreatedOnToolsVersion = 8.0;
						DevelopmentTeam = 8899R5FJ5P;
						DevelopmentTeamName = "Chang-Gi Kim (Personal Team)";
						ProvisioningStyle = Automatic;
					};
				};
			};
			buildConfigurationList = 2EF46ECC1949CA4D000D3206 /* Build configuration list for PBXProject "Swiftris" */;
			compatibilityVersion = "Xcode 3.2";
			developmentRegion = English;
			hasScannedForEncodings = 0;
			knownRegions = (
				en,
				Base,
			);
			mainGroup = 2EF46EC81949CA4D000D3206;
			productRefGroup = 2EF46ED21949CA4D000D3206 /* Products */;
			projectDirPath = "";
			projectRoot = "";
			targets = (
				551A71C91D4B14CE005725C0 /* Logic */,
				551A71D11D4B14D2005725C0 /* LogicTests */,
				2EF46ED01949CA4D000D3206 /* Swiftris */,
			);
		};
/* End PBXProject section */

/* Begin PBXResourcesBuildPhase section */
		2EF46ECF1949CA4D000D3206 /* Resources */ = {
			isa = PBXResourcesBuildPhase;
			buildActionMask = 2147483647;
			files = (
				2EF46EDB1949CA4D000D3206 /* Images.xcassets in Resources */,
				2EF46EFF1949D4E2000D3206 /* MainViewController.xib in Resources */,
				2EF46EDE1949CA4D000D3206 /* MainMenu.xib in Resources */,
			);
			runOnlyForDeploymentPostprocessing = 0;
		};
		551A71C81D4B14CE005725C0 /* Resources */ = {
			isa = PBXResourcesBuildPhase;
			buildActionMask = 2147483647;
			files = (
			);
			runOnlyForDeploymentPostprocessing = 0;
		};
		551A71D01D4B14D2005725C0 /* Resources */ = {
			isa = PBXResourcesBuildPhase;
			buildActionMask = 2147483647;
			files = (
			);
			runOnlyForDeploymentPostprocessing = 0;
		};
/* End PBXResourcesBuildPhase section */

/* Begin PBXShellScriptBuildPhase section */
		558665AC2202DA3400DA4A02 /* swiftlint */ = {
			isa = PBXShellScriptBuildPhase;
			buildActionMask = 2147483647;
			files = (
			);
			inputFileListPaths = (
			);
			inputPaths = (
			);
			name = swiftlint;
			outputFileListPaths = (
			);
			outputPaths = (
			);
			runOnlyForDeploymentPostprocessing = 0;
			shellPath = /bin/sh;
			shellScript = "if which swiftlint >/dev/null; then\n    swiftlint --path Swiftris\nelse\n    echo \"warning: SwiftLint not installed, download from https://github.com/realm/SwiftLint\"\nfi\n";
		};
		558665AD2202DA5000DA4A02 /* swiftlint */ = {
			isa = PBXShellScriptBuildPhase;
			buildActionMask = 2147483647;
			files = (
			);
			inputFileListPaths = (
			);
			inputPaths = (
			);
			name = swiftlint;
			outputFileListPaths = (
			);
			outputPaths = (
			);
			runOnlyForDeploymentPostprocessing = 0;
			shellPath = /bin/sh;
			shellScript = "if which swiftlint >/dev/null; then\n    swiftlint --path Logic\nelse\n    echo \"warning: SwiftLint not installed, download from https://github.com/realm/SwiftLint\"\nfi\n";
		};
/* End PBXShellScriptBuildPhase section */

/* Begin PBXSourcesBuildPhase section */
		2EF46ECD1949CA4D000D3206 /* Sources */ = {
			isa = PBXSourcesBuildPhase;
			buildActionMask = 2147483647;
			files = (
				2EF46F011949DB5D000D3206 /* MainView.swift in Sources */,
				2EF46ED91949CA4D000D3206 /* AppDelegate.swift in Sources */,
				2EF46EFE1949D4E2000D3206 /* MainViewController.swift in Sources */,
				2EB72C1D1953EDEB00574E38 /* BoardView.swift in Sources */,
			);
			runOnlyForDeploymentPostprocessing = 0;
		};
		551A71C51D4B14CE005725C0 /* Sources */ = {
			isa = PBXSourcesBuildPhase;
			buildActionMask = 2147483647;
			files = (
				5532B2102215244F00BA5B14 /* BoardProtocol.swift in Sources */,
				55A2EB20220BF154003A095D /* Brick.swift in Sources */,
				551A72151D4B154F005725C0 /* GameLogicController.swift in Sources */,
				551A72101D4B154F005725C0 /* BlockGenerator.swift in Sources */,
				55A2EB61220D5C9F003A095D /* Row.swift in Sources */,
				551A721A1D4B154F005725C0 /* Size.swift in Sources */,
				551A721B1D4B154F005725C0 /* KeyCode.swift in Sources */,
				551A72171D4B154F005725C0 /* Grid.swift in Sources */,
				551A72111D4B154F005725C0 /* BlockTemplate.swift in Sources */,
				55A2EBFB2212DE80003A095D /* BlockAction.swift in Sources */,
				551A72131D4B154F005725C0 /* Board.swift in Sources */,
				5504C1D61D4B6F4900668C43 /* GameLogicController+Interface.swift in Sources */,
				558665AF2202F2E800DA4A02 /* curry.swift in Sources */,
				55947B9F1D4B6D5A00F2DC58 /* GameState.swift in Sources */,
				551A721F1D4B1563005725C0 /* NSColor+Extension.swift in Sources */,
				551A72191D4B154F005725C0 /* Grid+Subscript.swift in Sources */,
				5532B21522152AC700BA5B14 /* assert.swift in Sources */,
				551A72141D4B154F005725C0 /* DropTimer.swift in Sources */,
				5532B20E2215242100BA5B14 /* BlockProtocol.swift in Sources */,
				5577B9C41E374FA400FB551B /* DirtyCheckable.swift in Sources */,
				551A72121D4B154F005725C0 /* BlockType.swift in Sources */,
				551A72231D4B15CF005725C0 /* Point.swift in Sources */,
				551A720F1D4B154F005725C0 /* Block+Debugging.swift in Sources */,
				551A72221D4B15CF005725C0 /* Movement.swift in Sources */,
				551A720E1D4B154F005725C0 /* Block.swift in Sources */,
			);
			runOnlyForDeploymentPostprocessing = 0;
		};
		551A71CE1D4B14D2005725C0 /* Sources */ = {
			isa = PBXSourcesBuildPhase;
			buildActionMask = 2147483647;
			files = (
				551A71F71D4B1501005725C0 /* DropTimerTests.swift in Sources */,
				551A71F61D4B1501005725C0 /* BoardTests.swift in Sources */,
				551A71FC1D4B1501005725C0 /* PointTests.swift in Sources */,
				5532B213221528F300BA5B14 /* curryTests.swift in Sources */,
				55A2EB63220D5DDC003A095D /* RowTests.swift in Sources */,
				551A71F91D4B1501005725C0 /* GridTests.swift in Sources */,
				5532B20C22151ECE00BA5B14 /* BlockActionTests.swift in Sources */,
				551D71F31F01F04E007AC099 /* GameStateTests.swift in Sources */,
				551D71D81EFA3AF3007AC099 /* GameLogicControllerTests.swift in Sources */,
				551A71F41D4B1501005725C0 /* BlockTests.swift in Sources */,
				55947B981D4B3DA800F2DC58 /* NSColorExtensionTests.swift in Sources */,
				551A71F81D4B1501005725C0 /* SizeTests.swift in Sources */,
				551A71F31D4B1501005725C0 /* BlockGeneratorTests.swift in Sources */,
				5532B21A22152CB200BA5B14 /* GridSubscriptTests.swift in Sources */,
				5532B21822152C3B00BA5B14 /* XCTestCase+ExpectAssertFail.swift in Sources */,
				551A71FB1D4B1501005725C0 /* MovementTests.swift in Sources */,
				55947B9A1D4B404400F2DC58 /* BlockDebuggingTests.swift in Sources */,
				551A71F51D4B1501005725C0 /* BlockTypeTests.swift in Sources */,
			);
			runOnlyForDeploymentPostprocessing = 0;
		};
/* End PBXSourcesBuildPhase section */

/* Begin PBXTargetDependency section */
		551A71D51D4B14D7005725C0 /* PBXTargetDependency */ = {
			isa = PBXTargetDependency;
			target = 551A71C91D4B14CE005725C0 /* Logic */;
			targetProxy = 551A71D41D4B14D7005725C0 /* PBXContainerItemProxy */;
		};
		551A71DE1D4B14D7005725C0 /* PBXTargetDependency */ = {
			isa = PBXTargetDependency;
			target = 551A71C91D4B14CE005725C0 /* Logic */;
			targetProxy = 551A71DD1D4B14D7005725C0 /* PBXContainerItemProxy */;
		};
/* End PBXTargetDependency section */

/* Begin PBXVariantGroup section */
		2EF46EDC1949CA4D000D3206 /* MainMenu.xib */ = {
			isa = PBXVariantGroup;
			children = (
				2EF46EDD1949CA4D000D3206 /* Base */,
			);
			name = MainMenu.xib;
			sourceTree = "<group>";
		};
/* End PBXVariantGroup section */

/* Begin XCBuildConfiguration section */
		2EF46EEB1949CA4D000D3206 /* Debug */ = {
			isa = XCBuildConfiguration;
			buildSettings = {
				ALWAYS_SEARCH_USER_PATHS = NO;
				CLANG_CXX_LANGUAGE_STANDARD = "gnu++0x";
				CLANG_CXX_LIBRARY = "libc++";
				CLANG_ENABLE_MODULES = YES;
				CLANG_ENABLE_OBJC_ARC = YES;
				CLANG_WARN_BOOL_CONVERSION = YES;
				CLANG_WARN_CONSTANT_CONVERSION = YES;
				CLANG_WARN_DIRECT_OBJC_ISA_USAGE = YES_ERROR;
				CLANG_WARN_EMPTY_BODY = YES;
				CLANG_WARN_ENUM_CONVERSION = YES;
				CLANG_WARN_INT_CONVERSION = YES;
				CLANG_WARN_OBJC_ROOT_CLASS = YES_ERROR;
				CLANG_WARN_UNREACHABLE_CODE = YES;
				CLANG_WARN__DUPLICATE_METHOD_MATCH = YES;
				CODE_SIGN_IDENTITY = "-";
				COPY_PHASE_STRIP = NO;
				ENABLE_STRICT_OBJC_MSGSEND = YES;
				GCC_C_LANGUAGE_STANDARD = gnu99;
				GCC_DYNAMIC_NO_PIC = NO;
				GCC_OPTIMIZATION_LEVEL = 0;
				GCC_PREPROCESSOR_DEFINITIONS = (
					"DEBUG=1",
					"$(inherited)",
				);
				GCC_SYMBOLS_PRIVATE_EXTERN = NO;
				GCC_WARN_64_TO_32_BIT_CONVERSION = YES;
				GCC_WARN_ABOUT_RETURN_TYPE = YES_ERROR;
				GCC_WARN_UNDECLARED_SELECTOR = YES;
				GCC_WARN_UNINITIALIZED_AUTOS = YES_AGGRESSIVE;
				GCC_WARN_UNUSED_FUNCTION = YES;
				GCC_WARN_UNUSED_VARIABLE = YES;
				MACOSX_DEPLOYMENT_TARGET = 10.11;
				METAL_ENABLE_DEBUG_INFO = YES;
				ONLY_ACTIVE_ARCH = YES;
				SDKROOT = macosx;
				SWIFT_OPTIMIZATION_LEVEL = "-Onone";
			};
			name = Debug;
		};
		2EF46EEC1949CA4D000D3206 /* Release */ = {
			isa = XCBuildConfiguration;
			buildSettings = {
				ALWAYS_SEARCH_USER_PATHS = NO;
				CLANG_CXX_LANGUAGE_STANDARD = "gnu++0x";
				CLANG_CXX_LIBRARY = "libc++";
				CLANG_ENABLE_MODULES = YES;
				CLANG_ENABLE_OBJC_ARC = YES;
				CLANG_WARN_BOOL_CONVERSION = YES;
				CLANG_WARN_CONSTANT_CONVERSION = YES;
				CLANG_WARN_DIRECT_OBJC_ISA_USAGE = YES_ERROR;
				CLANG_WARN_EMPTY_BODY = YES;
				CLANG_WARN_ENUM_CONVERSION = YES;
				CLANG_WARN_INT_CONVERSION = YES;
				CLANG_WARN_OBJC_ROOT_CLASS = YES_ERROR;
				CLANG_WARN_UNREACHABLE_CODE = YES;
				CLANG_WARN__DUPLICATE_METHOD_MATCH = YES;
				CODE_SIGN_IDENTITY = "-";
				COPY_PHASE_STRIP = YES;
				DEBUG_INFORMATION_FORMAT = "dwarf-with-dsym";
				ENABLE_NS_ASSERTIONS = NO;
				ENABLE_STRICT_OBJC_MSGSEND = YES;
				GCC_C_LANGUAGE_STANDARD = gnu99;
				GCC_WARN_64_TO_32_BIT_CONVERSION = YES;
				GCC_WARN_ABOUT_RETURN_TYPE = YES_ERROR;
				GCC_WARN_UNDECLARED_SELECTOR = YES;
				GCC_WARN_UNINITIALIZED_AUTOS = YES_AGGRESSIVE;
				GCC_WARN_UNUSED_FUNCTION = YES;
				GCC_WARN_UNUSED_VARIABLE = YES;
				MACOSX_DEPLOYMENT_TARGET = 10.11;
				METAL_ENABLE_DEBUG_INFO = NO;
				SDKROOT = macosx;
			};
			name = Release;
		};
		2EF46EEE1949CA4D000D3206 /* Debug */ = {
			isa = XCBuildConfiguration;
			buildSettings = {
				ALWAYS_EMBED_SWIFT_STANDARD_LIBRARIES = YES;
				ASSETCATALOG_COMPILER_APPICON_NAME = AppIcon;
				CODE_SIGN_IDENTITY = "Mac Developer";
				COMBINE_HIDPI_IMAGES = YES;
				DEVELOPMENT_TEAM = 8899R5FJ5P;
				INFOPLIST_FILE = Swiftris/Info.plist;
				LD_RUNPATH_SEARCH_PATHS = "$(inherited) @executable_path/../Frameworks";
				MACOSX_DEPLOYMENT_TARGET = 10.10;
				PRODUCT_NAME = "$(TARGET_NAME)";
				PROVISIONING_PROFILE_SPECIFIER = "";
				SWIFT_VERSION = 4.2;
				VALID_ARCHS = x86_64;
			};
			name = Debug;
		};
		2EF46EEF1949CA4D000D3206 /* Release */ = {
			isa = XCBuildConfiguration;
			buildSettings = {
				ALWAYS_EMBED_SWIFT_STANDARD_LIBRARIES = YES;
				ASSETCATALOG_COMPILER_APPICON_NAME = AppIcon;
				CODE_SIGN_IDENTITY = "Mac Developer";
				COMBINE_HIDPI_IMAGES = YES;
				DEVELOPMENT_TEAM = 8899R5FJ5P;
				INFOPLIST_FILE = Swiftris/Info.plist;
				LD_RUNPATH_SEARCH_PATHS = "$(inherited) @executable_path/../Frameworks";
				MACOSX_DEPLOYMENT_TARGET = 10.10;
				PRODUCT_NAME = "$(TARGET_NAME)";
				PROVISIONING_PROFILE_SPECIFIER = "";
				SWIFT_VERSION = 4.2;
				VALID_ARCHS = x86_64;
			};
			name = Release;
		};
		551A71E21D4B14D7005725C0 /* Debug */ = {
			isa = XCBuildConfiguration;
			buildSettings = {
				CLANG_ANALYZER_NONNULL = YES;
				CLANG_ENABLE_MODULES = YES;
				CLANG_WARN_DOCUMENTATION_COMMENTS = YES;
				CODE_SIGN_IDENTITY = "Mac Developer";
				"CODE_SIGN_IDENTITY[sdk=macosx*]" = "Mac Developer";
				COMBINE_HIDPI_IMAGES = YES;
				CURRENT_PROJECT_VERSION = 1;
				DEBUG_INFORMATION_FORMAT = dwarf;
				DEFINES_MODULE = YES;
				DEVELOPMENT_TEAM = 8899R5FJ5P;
				DYLIB_COMPATIBILITY_VERSION = 1;
				DYLIB_CURRENT_VERSION = 1;
				DYLIB_INSTALL_NAME_BASE = "@rpath";
				ENABLE_TESTABILITY = YES;
				FRAMEWORK_VERSION = A;
				GCC_NO_COMMON_BLOCKS = YES;
				INFOPLIST_FILE = Logic/Info.plist;
				INSTALL_PATH = "$(LOCAL_LIBRARY_DIR)/Frameworks";
				LD_RUNPATH_SEARCH_PATHS = "$(inherited) @executable_path/../Frameworks @loader_path/Frameworks";
				MACOSX_DEPLOYMENT_TARGET = 10.10;
				MTL_ENABLE_DEBUG_INFO = YES;
				PRODUCT_BUNDLE_IDENTIFIER = com.bearkode.Logic;
				PRODUCT_NAME = "$(TARGET_NAME)";
				PROVISIONING_PROFILE = "";
				SKIP_INSTALL = YES;
				SWIFT_ACTIVE_COMPILATION_CONDITIONS = DEBUG;
				SWIFT_OPTIMIZATION_LEVEL = "-Onone";
				SWIFT_VERSION = 4.2;
				VALID_ARCHS = x86_64;
				VERSIONING_SYSTEM = "apple-generic";
				VERSION_INFO_PREFIX = "";
			};
			name = Debug;
		};
		551A71E31D4B14D7005725C0 /* Release */ = {
			isa = XCBuildConfiguration;
			buildSettings = {
				CLANG_ANALYZER_NONNULL = YES;
				CLANG_ENABLE_MODULES = YES;
				CLANG_WARN_DOCUMENTATION_COMMENTS = YES;
				CODE_SIGN_IDENTITY = "Mac Developer";
				"CODE_SIGN_IDENTITY[sdk=macosx*]" = "Mac Developer";
				COMBINE_HIDPI_IMAGES = YES;
				COPY_PHASE_STRIP = NO;
				CURRENT_PROJECT_VERSION = 1;
				DEFINES_MODULE = YES;
				DEVELOPMENT_TEAM = 8899R5FJ5P;
				DYLIB_COMPATIBILITY_VERSION = 1;
				DYLIB_CURRENT_VERSION = 1;
				DYLIB_INSTALL_NAME_BASE = "@rpath";
				FRAMEWORK_VERSION = A;
				GCC_NO_COMMON_BLOCKS = YES;
				INFOPLIST_FILE = Logic/Info.plist;
				INSTALL_PATH = "$(LOCAL_LIBRARY_DIR)/Frameworks";
				LD_RUNPATH_SEARCH_PATHS = "$(inherited) @executable_path/../Frameworks @loader_path/Frameworks";
				MACOSX_DEPLOYMENT_TARGET = 10.10;
				MTL_ENABLE_DEBUG_INFO = NO;
				PRODUCT_BUNDLE_IDENTIFIER = com.bearkode.Logic;
				PRODUCT_NAME = "$(TARGET_NAME)";
				PROVISIONING_PROFILE = "";
				SKIP_INSTALL = YES;
				SWIFT_OPTIMIZATION_LEVEL = "-Owholemodule";
				SWIFT_VERSION = 4.2;
				VALID_ARCHS = x86_64;
				VERSIONING_SYSTEM = "apple-generic";
				VERSION_INFO_PREFIX = "";
			};
			name = Release;
		};
		551A71E61D4B14D7005725C0 /* Debug */ = {
			isa = XCBuildConfiguration;
			buildSettings = {
				CLANG_ANALYZER_NONNULL = YES;
				CLANG_WARN_DOCUMENTATION_COMMENTS = YES;
				COMBINE_HIDPI_IMAGES = YES;
				DEBUG_INFORMATION_FORMAT = dwarf;
				DEVELOPMENT_TEAM = 8899R5FJ5P;
				ENABLE_TESTABILITY = YES;
				GCC_NO_COMMON_BLOCKS = YES;
				INFOPLIST_FILE = LogicTests/Info.plist;
				LD_RUNPATH_SEARCH_PATHS = "$(inherited) @executable_path/../Frameworks @loader_path/../Frameworks";
				MTL_ENABLE_DEBUG_INFO = YES;
				PRODUCT_BUNDLE_IDENTIFIER = com.naver.LogicTests;
				PRODUCT_NAME = "$(TARGET_NAME)";
				SWIFT_ACTIVE_COMPILATION_CONDITIONS = DEBUG;
				SWIFT_VERSION = 4.2;
				VALID_ARCHS = x86_64;
			};
			name = Debug;
		};
		551A71E71D4B14D7005725C0 /* Release */ = {
			isa = XCBuildConfiguration;
			buildSettings = {
				CLANG_ANALYZER_NONNULL = YES;
				CLANG_WARN_DOCUMENTATION_COMMENTS = YES;
				COMBINE_HIDPI_IMAGES = YES;
				COPY_PHASE_STRIP = NO;
				DEVELOPMENT_TEAM = 8899R5FJ5P;
				GCC_NO_COMMON_BLOCKS = YES;
				INFOPLIST_FILE = LogicTests/Info.plist;
				LD_RUNPATH_SEARCH_PATHS = "$(inherited) @executable_path/../Frameworks @loader_path/../Frameworks";
				MTL_ENABLE_DEBUG_INFO = NO;
				PRODUCT_BUNDLE_IDENTIFIER = com.naver.LogicTests;
				PRODUCT_NAME = "$(TARGET_NAME)";
				SWIFT_OPTIMIZATION_LEVEL = "-Owholemodule";
				SWIFT_VERSION = 4.2;
				VALID_ARCHS = x86_64;
			};
			name = Release;
		};
/* End XCBuildConfiguration section */

/* Begin XCConfigurationList section */
		2EF46ECC1949CA4D000D3206 /* Build configuration list for PBXProject "Swiftris" */ = {
			isa = XCConfigurationList;
			buildConfigurations = (
				2EF46EEB1949CA4D000D3206 /* Debug */,
				2EF46EEC1949CA4D000D3206 /* Release */,
			);
			defaultConfigurationIsVisible = 0;
			defaultConfigurationName = Release;
		};
		2EF46EED1949CA4D000D3206 /* Build configuration list for PBXNativeTarget "Swiftris" */ = {
			isa = XCConfigurationList;
			buildConfigurations = (
				2EF46EEE1949CA4D000D3206 /* Debug */,
				2EF46EEF1949CA4D000D3206 /* Release */,
			);
			defaultConfigurationIsVisible = 0;
			defaultConfigurationName = Release;
		};
		551A71E11D4B14D7005725C0 /* Build configuration list for PBXNativeTarget "Logic" */ = {
			isa = XCConfigurationList;
			buildConfigurations = (
				551A71E21D4B14D7005725C0 /* Debug */,
				551A71E31D4B14D7005725C0 /* Release */,
			);
			defaultConfigurationIsVisible = 0;
			defaultConfigurationName = Release;
		};
		551A71E51D4B14D7005725C0 /* Build configuration list for PBXNativeTarget "LogicTests" */ = {
			isa = XCConfigurationList;
			buildConfigurations = (
				551A71E61D4B14D7005725C0 /* Debug */,
				551A71E71D4B14D7005725C0 /* Release */,
			);
			defaultConfigurationIsVisible = 0;
			defaultConfigurationName = Release;
		};
/* End XCConfigurationList section */
	};
	rootObject = 2EF46EC91949CA4D000D3206 /* Project object */;
}
